<?xml version="1.0" encoding="UTF-8"?>
<!DOCTYPE plist PUBLIC "-//Apple//DTD PLIST 1.0//EN" "http://www.apple.com/DTDs/PropertyList-1.0.dtd">
<plist version="1.0">
<dict>
	<key>archiveVersion</key>
	<string>1</string>
	<key>classes</key>
	<dict/>
	<key>objectVersion</key>
	<string>46</string>
	<key>objects</key>
	<dict>
		<key>330A9864190FB68300DAA53C</key>
		<dict>
			<key>children</key>
			<array>
				<string>330A9876190FB68300DAA53C</string>
				<string>330A988F190FB68300DAA53C</string>
				<string>330A986F190FB68300DAA53C</string>
				<string>330A986E190FB68300DAA53C</string>
				<string>C55055CFC74B4C23AF465131</string>
			</array>
			<key>isa</key>
			<string>PBXGroup</string>
			<key>sourceTree</key>
			<string>&lt;group&gt;</string>
		</dict>
		<key>330A9865190FB68300DAA53C</key>
		<dict>
			<key>attributes</key>
			<dict>
				<key>LastUpgradeCheck</key>
				<string>0510</string>
				<key>ORGANIZATIONNAME</key>
				<string>Cubby Development</string>
				<key>TargetAttributes</key>
				<dict>
					<key>330A9887190FB68300DAA53C</key>
					<dict>
						<key>TestTargetID</key>
						<string>330A986C190FB68300DAA53C</string>
					</dict>
				</dict>
			</dict>
			<key>buildConfigurationList</key>
			<string>330A9868190FB68300DAA53C</string>
			<key>compatibilityVersion</key>
			<string>Xcode 3.2</string>
			<key>developmentRegion</key>
			<string>English</string>
			<key>hasScannedForEncodings</key>
			<string>0</string>
			<key>isa</key>
			<string>PBXProject</string>
			<key>knownRegions</key>
			<array>
				<string>en</string>
			</array>
			<key>mainGroup</key>
			<string>330A9864190FB68300DAA53C</string>
			<key>productRefGroup</key>
			<string>330A986E190FB68300DAA53C</string>
			<key>projectDirPath</key>
			<string></string>
			<key>projectReferences</key>
			<array/>
			<key>projectRoot</key>
			<string></string>
			<key>targets</key>
			<array>
				<string>330A986C190FB68300DAA53C</string>
				<string>330A9887190FB68300DAA53C</string>
			</array>
		</dict>
		<key>330A9868190FB68300DAA53C</key>
		<dict>
			<key>buildConfigurations</key>
			<array>
				<string>330A9897190FB68300DAA53C</string>
				<string>330A9898190FB68300DAA53C</string>
			</array>
			<key>defaultConfigurationIsVisible</key>
			<string>0</string>
			<key>defaultConfigurationName</key>
			<string>Release</string>
			<key>isa</key>
			<string>XCConfigurationList</string>
		</dict>
		<key>330A9869190FB68300DAA53C</key>
		<dict>
			<key>buildActionMask</key>
			<string>2147483647</string>
			<key>files</key>
			<array>
				<string>330A98DC190FB74A00DAA53C</string>
				<string>330A98EB190FB74A00DAA53C</string>
				<string>330A98E9190FB74A00DAA53C</string>
				<string>330A98E1190FB74A00DAA53C</string>
				<string>330A98EE190FB74A00DAA53C</string>
				<string>330A98DF190FB74A00DAA53C</string>
				<string>330A98E4190FB74A00DAA53C</string>
				<string>330A98EA190FB74A00DAA53C</string>
				<string>330A98E7190FB74A00DAA53C</string>
				<string>330A98E5190FB74A00DAA53C</string>
				<string>330A98F1190FB74A00DAA53C</string>
				<string>330A98F0190FB74A00DAA53C</string>
				<string>330A98D8190FB74A00DAA53C</string>
				<string>330A98ED190FB74A00DAA53C</string>
				<string>330A98DA190FB74A00DAA53C</string>
				<string>330A98DE190FB74A00DAA53C</string>
				<string>330A98E6190FB74A00DAA53C</string>
				<string>330A98DB190FB74A00DAA53C</string>
				<string>330A98EC190FB74A00DAA53C</string>
				<string>330A98EF190FB74A00DAA53C</string>
				<string>330A98E0190FB74A00DAA53C</string>
				<string>330A98DD190FB74A00DAA53C</string>
				<string>330A98E3190FB74A00DAA53C</string>
				<string>330A98D9190FB74A00DAA53C</string>
				<string>330A98E8190FB74A00DAA53C</string>
				<string>330A990A190FB76200DAA53C</string>
				<string>330A98E2190FB74A00DAA53C</string>
			</array>
			<key>isa</key>
			<string>PBXSourcesBuildPhase</string>
			<key>runOnlyForDeploymentPostprocessing</key>
			<string>0</string>
		</dict>
		<key>330A986A190FB68300DAA53C</key>
		<dict>
			<key>buildActionMask</key>
			<string>2147483647</string>
			<key>files</key>
			<array>
				<string>330A9873190FB68300DAA53C</string>
				<string>330A9875190FB68300DAA53C</string>
				<string>330A9871190FB68300DAA53C</string>
				<string>64C18B2D546F4567A7C39288</string>
			</array>
			<key>isa</key>
			<string>PBXFrameworksBuildPhase</string>
			<key>runOnlyForDeploymentPostprocessing</key>
			<string>0</string>
		</dict>
		<key>330A986B190FB68300DAA53C</key>
		<dict>
			<key>buildActionMask</key>
			<string>2147483647</string>
			<key>files</key>
			<array>
				<string>330A9904190FB75200DAA53C</string>
				<string>330A9906190FB75200DAA53C</string>
				<string>330A987B190FB68300DAA53C</string>
				<string>330A9901190FB75200DAA53C</string>
				<string>330A98FF190FB75200DAA53C</string>
				<string>330A98FE190FB75200DAA53C</string>
				<string>330A9902190FB75200DAA53C</string>
				<string>330A9907190FB75200DAA53C</string>
				<string>330A9900190FB75200DAA53C</string>
				<string>330A9908190FB75200DAA53C</string>
				<string>330A9883190FB68300DAA53C</string>
				<string>330A9905190FB75200DAA53C</string>
				<string>330A9903190FB75200DAA53C</string>
			</array>
			<key>isa</key>
			<string>PBXResourcesBuildPhase</string>
			<key>runOnlyForDeploymentPostprocessing</key>
			<string>0</string>
		</dict>
		<key>330A986C190FB68300DAA53C</key>
		<dict>
			<key>buildConfigurationList</key>
			<string>330A9899190FB68300DAA53C</string>
			<key>buildPhases</key>
			<array>
				<string>B43B1F6781E94BA2946EDF8E</string>
				<string>330A9869190FB68300DAA53C</string>
				<string>330A986A190FB68300DAA53C</string>
				<string>330A986B190FB68300DAA53C</string>
				<string>D433AF2E9E9A435181BAFFF6</string>
			</array>
			<key>buildRules</key>
			<array/>
			<key>dependencies</key>
			<array/>
			<key>isa</key>
			<string>PBXNativeTarget</string>
			<key>name</key>
			<string>Touchaga</string>
			<key>productName</key>
			<string>Touchaga</string>
			<key>productReference</key>
			<string>330A986D190FB68300DAA53C</string>
			<key>productType</key>
			<string>com.apple.product-type.application</string>
		</dict>
		<key>330A986D190FB68300DAA53C</key>
		<dict>
			<key>explicitFileType</key>
			<string>wrapper.application</string>
			<key>includeInIndex</key>
			<string>0</string>
			<key>isa</key>
			<string>PBXFileReference</string>
			<key>path</key>
			<string>Touchaga.app</string>
			<key>sourceTree</key>
			<string>BUILT_PRODUCTS_DIR</string>
		</dict>
		<key>330A986E190FB68300DAA53C</key>
		<dict>
			<key>children</key>
			<array>
				<string>330A986D190FB68300DAA53C</string>
				<string>330A9888190FB68300DAA53C</string>
			</array>
			<key>isa</key>
			<string>PBXGroup</string>
			<key>name</key>
			<string>Products</string>
			<key>sourceTree</key>
			<string>&lt;group&gt;</string>
		</dict>
		<key>330A986F190FB68300DAA53C</key>
		<dict>
			<key>children</key>
			<array>
				<string>330A9870190FB68300DAA53C</string>
				<string>330A9872190FB68300DAA53C</string>
				<string>330A9874190FB68300DAA53C</string>
				<string>330A9889190FB68300DAA53C</string>
				<string>390B8031C0E049509E7A680C</string>
			</array>
			<key>isa</key>
			<string>PBXGroup</string>
			<key>name</key>
			<string>Frameworks</string>
			<key>sourceTree</key>
			<string>&lt;group&gt;</string>
		</dict>
		<key>330A9870190FB68300DAA53C</key>
		<dict>
			<key>isa</key>
			<string>PBXFileReference</string>
			<key>lastKnownFileType</key>
			<string>wrapper.framework</string>
			<key>name</key>
			<string>Foundation.framework</string>
			<key>path</key>
			<string>System/Library/Frameworks/Foundation.framework</string>
			<key>sourceTree</key>
			<string>SDKROOT</string>
		</dict>
		<key>330A9871190FB68300DAA53C</key>
		<dict>
			<key>fileRef</key>
			<string>330A9870190FB68300DAA53C</string>
			<key>isa</key>
			<string>PBXBuildFile</string>
		</dict>
		<key>330A9872190FB68300DAA53C</key>
		<dict>
			<key>isa</key>
			<string>PBXFileReference</string>
			<key>lastKnownFileType</key>
			<string>wrapper.framework</string>
			<key>name</key>
			<string>CoreGraphics.framework</string>
			<key>path</key>
			<string>System/Library/Frameworks/CoreGraphics.framework</string>
			<key>sourceTree</key>
			<string>SDKROOT</string>
		</dict>
		<key>330A9873190FB68300DAA53C</key>
		<dict>
			<key>fileRef</key>
			<string>330A9872190FB68300DAA53C</string>
			<key>isa</key>
			<string>PBXBuildFile</string>
		</dict>
		<key>330A9874190FB68300DAA53C</key>
		<dict>
			<key>isa</key>
			<string>PBXFileReference</string>
			<key>lastKnownFileType</key>
			<string>wrapper.framework</string>
			<key>name</key>
			<string>UIKit.framework</string>
			<key>path</key>
			<string>System/Library/Frameworks/UIKit.framework</string>
			<key>sourceTree</key>
			<string>SDKROOT</string>
		</dict>
		<key>330A9875190FB68300DAA53C</key>
		<dict>
			<key>fileRef</key>
			<string>330A9874190FB68300DAA53C</string>
			<key>isa</key>
			<string>PBXBuildFile</string>
		</dict>
		<key>330A9876190FB68300DAA53C</key>
		<dict>
			<key>children</key>
			<array>
				<string>330A98F2190FB75200DAA53C</string>
				<string>330A989F190FB74A00DAA53C</string>
				<string>330A9882190FB68300DAA53C</string>
				<string>330A9877190FB68300DAA53C</string>
			</array>
			<key>isa</key>
			<string>PBXGroup</string>
			<key>path</key>
			<string>Touchaga</string>
			<key>sourceTree</key>
			<string>&lt;group&gt;</string>
		</dict>
		<key>330A9877190FB68300DAA53C</key>
		<dict>
			<key>children</key>
			<array>
				<string>330A9878190FB68300DAA53C</string>
				<string>330A9879190FB68300DAA53C</string>
				<string>330A9909190FB76200DAA53C</string>
				<string>330A987E190FB68300DAA53C</string>
			</array>
			<key>isa</key>
			<string>PBXGroup</string>
			<key>name</key>
			<string>Supporting Files</string>
			<key>sourceTree</key>
			<string>&lt;group&gt;</string>
		</dict>
		<key>330A9878190FB68300DAA53C</key>
		<dict>
			<key>isa</key>
			<string>PBXFileReference</string>
			<key>lastKnownFileType</key>
			<string>text.plist.xml</string>
			<key>path</key>
			<string>Touchaga-Info.plist</string>
			<key>sourceTree</key>
			<string>&lt;group&gt;</string>
		</dict>
		<key>330A9879190FB68300DAA53C</key>
		<dict>
			<key>children</key>
			<array>
				<string>330A987A190FB68300DAA53C</string>
			</array>
			<key>isa</key>
			<string>PBXVariantGroup</string>
			<key>name</key>
			<string>InfoPlist.strings</string>
			<key>sourceTree</key>
			<string>&lt;group&gt;</string>
		</dict>
		<key>330A987A190FB68300DAA53C</key>
		<dict>
			<key>isa</key>
			<string>PBXFileReference</string>
			<key>lastKnownFileType</key>
			<string>text.plist.strings</string>
			<key>name</key>
			<string>en</string>
			<key>path</key>
			<string>en.lproj/InfoPlist.strings</string>
			<key>sourceTree</key>
			<string>&lt;group&gt;</string>
		</dict>
		<key>330A987B190FB68300DAA53C</key>
		<dict>
			<key>fileRef</key>
			<string>330A9879190FB68300DAA53C</string>
			<key>isa</key>
			<string>PBXBuildFile</string>
		</dict>
		<key>330A987E190FB68300DAA53C</key>
		<dict>
			<key>isa</key>
			<string>PBXFileReference</string>
			<key>lastKnownFileType</key>
			<string>sourcecode.c.h</string>
			<key>path</key>
			<string>Touchaga-Prefix.pch</string>
			<key>sourceTree</key>
			<string>&lt;group&gt;</string>
		</dict>
		<key>330A9882190FB68300DAA53C</key>
		<dict>
			<key>isa</key>
			<string>PBXFileReference</string>
			<key>lastKnownFileType</key>
			<string>folder.assetcatalog</string>
			<key>path</key>
			<string>Images.xcassets</string>
			<key>sourceTree</key>
			<string>&lt;group&gt;</string>
		</dict>
		<key>330A9883190FB68300DAA53C</key>
		<dict>
			<key>fileRef</key>
			<string>330A9882190FB68300DAA53C</string>
			<key>isa</key>
			<string>PBXBuildFile</string>
		</dict>
		<key>330A9884190FB68300DAA53C</key>
		<dict>
			<key>buildActionMask</key>
			<string>2147483647</string>
			<key>files</key>
			<array>
				<string>330A9896190FB68300DAA53C</string>
			</array>
			<key>isa</key>
			<string>PBXSourcesBuildPhase</string>
			<key>runOnlyForDeploymentPostprocessing</key>
			<string>0</string>
		</dict>
		<key>330A9885190FB68300DAA53C</key>
		<dict>
			<key>buildActionMask</key>
			<string>2147483647</string>
			<key>files</key>
			<array>
				<string>330A988A190FB68300DAA53C</string>
				<string>330A988C190FB68300DAA53C</string>
				<string>330A988B190FB68300DAA53C</string>
			</array>
			<key>isa</key>
			<string>PBXFrameworksBuildPhase</string>
			<key>runOnlyForDeploymentPostprocessing</key>
			<string>0</string>
		</dict>
		<key>330A9886190FB68300DAA53C</key>
		<dict>
			<key>buildActionMask</key>
			<string>2147483647</string>
			<key>files</key>
			<array>
				<string>330A9894190FB68300DAA53C</string>
			</array>
			<key>isa</key>
			<string>PBXResourcesBuildPhase</string>
			<key>runOnlyForDeploymentPostprocessing</key>
			<string>0</string>
		</dict>
		<key>330A9887190FB68300DAA53C</key>
		<dict>
			<key>buildConfigurationList</key>
			<string>330A989C190FB68300DAA53C</string>
			<key>buildPhases</key>
			<array>
				<string>330A9884190FB68300DAA53C</string>
				<string>330A9885190FB68300DAA53C</string>
				<string>330A9886190FB68300DAA53C</string>
			</array>
			<key>buildRules</key>
			<array/>
			<key>dependencies</key>
			<array>
				<string>330A988E190FB68300DAA53C</string>
			</array>
			<key>isa</key>
			<string>PBXNativeTarget</string>
			<key>name</key>
			<string>TouchagaTests</string>
			<key>productName</key>
			<string>TouchagaTests</string>
			<key>productReference</key>
			<string>330A9888190FB68300DAA53C</string>
			<key>productType</key>
			<string>com.apple.product-type.bundle.unit-test</string>
		</dict>
		<key>330A9888190FB68300DAA53C</key>
		<dict>
			<key>explicitFileType</key>
			<string>wrapper.cfbundle</string>
			<key>includeInIndex</key>
			<string>0</string>
			<key>isa</key>
			<string>PBXFileReference</string>
			<key>path</key>
			<string>TouchagaTests.xctest</string>
			<key>sourceTree</key>
			<string>BUILT_PRODUCTS_DIR</string>
		</dict>
		<key>330A9889190FB68300DAA53C</key>
		<dict>
			<key>isa</key>
			<string>PBXFileReference</string>
			<key>lastKnownFileType</key>
			<string>wrapper.framework</string>
			<key>name</key>
			<string>XCTest.framework</string>
			<key>path</key>
			<string>Library/Frameworks/XCTest.framework</string>
			<key>sourceTree</key>
			<string>DEVELOPER_DIR</string>
		</dict>
		<key>330A988A190FB68300DAA53C</key>
		<dict>
			<key>fileRef</key>
			<string>330A9889190FB68300DAA53C</string>
			<key>isa</key>
			<string>PBXBuildFile</string>
		</dict>
		<key>330A988B190FB68300DAA53C</key>
		<dict>
			<key>fileRef</key>
			<string>330A9870190FB68300DAA53C</string>
			<key>isa</key>
			<string>PBXBuildFile</string>
		</dict>
		<key>330A988C190FB68300DAA53C</key>
		<dict>
			<key>fileRef</key>
			<string>330A9874190FB68300DAA53C</string>
			<key>isa</key>
			<string>PBXBuildFile</string>
		</dict>
		<key>330A988D190FB68300DAA53C</key>
		<dict>
			<key>containerPortal</key>
			<string>330A9865190FB68300DAA53C</string>
			<key>isa</key>
			<string>PBXContainerItemProxy</string>
			<key>proxyType</key>
			<string>1</string>
			<key>remoteGlobalIDString</key>
			<string>330A986C190FB68300DAA53C</string>
			<key>remoteInfo</key>
			<string>Touchaga</string>
		</dict>
		<key>330A988E190FB68300DAA53C</key>
		<dict>
			<key>isa</key>
			<string>PBXTargetDependency</string>
			<key>target</key>
			<string>330A986C190FB68300DAA53C</string>
			<key>targetProxy</key>
			<string>330A988D190FB68300DAA53C</string>
		</dict>
		<key>330A988F190FB68300DAA53C</key>
		<dict>
			<key>children</key>
			<array>
				<string>330A9895190FB68300DAA53C</string>
				<string>330A9890190FB68300DAA53C</string>
			</array>
			<key>isa</key>
			<string>PBXGroup</string>
			<key>path</key>
			<string>TouchagaTests</string>
			<key>sourceTree</key>
			<string>&lt;group&gt;</string>
		</dict>
		<key>330A9890190FB68300DAA53C</key>
		<dict>
			<key>children</key>
			<array>
				<string>330A9891190FB68300DAA53C</string>
				<string>330A9892190FB68300DAA53C</string>
			</array>
			<key>isa</key>
			<string>PBXGroup</string>
			<key>name</key>
			<string>Supporting Files</string>
			<key>sourceTree</key>
			<string>&lt;group&gt;</string>
		</dict>
		<key>330A9891190FB68300DAA53C</key>
		<dict>
			<key>isa</key>
			<string>PBXFileReference</string>
			<key>lastKnownFileType</key>
			<string>text.plist.xml</string>
			<key>path</key>
			<string>TouchagaTests-Info.plist</string>
			<key>sourceTree</key>
			<string>&lt;group&gt;</string>
		</dict>
		<key>330A9892190FB68300DAA53C</key>
		<dict>
			<key>children</key>
			<array>
				<string>330A9893190FB68300DAA53C</string>
			</array>
			<key>isa</key>
			<string>PBXVariantGroup</string>
			<key>name</key>
			<string>InfoPlist.strings</string>
			<key>sourceTree</key>
			<string>&lt;group&gt;</string>
		</dict>
		<key>330A9893190FB68300DAA53C</key>
		<dict>
			<key>isa</key>
			<string>PBXFileReference</string>
			<key>lastKnownFileType</key>
			<string>text.plist.strings</string>
			<key>name</key>
			<string>en</string>
			<key>path</key>
			<string>en.lproj/InfoPlist.strings</string>
			<key>sourceTree</key>
			<string>&lt;group&gt;</string>
		</dict>
		<key>330A9894190FB68300DAA53C</key>
		<dict>
			<key>fileRef</key>
			<string>330A9892190FB68300DAA53C</string>
			<key>isa</key>
			<string>PBXBuildFile</string>
		</dict>
		<key>330A9895190FB68300DAA53C</key>
		<dict>
			<key>isa</key>
			<string>PBXFileReference</string>
			<key>lastKnownFileType</key>
			<string>sourcecode.c.objc</string>
			<key>path</key>
			<string>TouchagaTests.m</string>
			<key>sourceTree</key>
			<string>&lt;group&gt;</string>
		</dict>
		<key>330A9896190FB68300DAA53C</key>
		<dict>
			<key>fileRef</key>
			<string>330A9895190FB68300DAA53C</string>
			<key>isa</key>
			<string>PBXBuildFile</string>
		</dict>
		<key>330A9897190FB68300DAA53C</key>
		<dict>
			<key>buildSettings</key>
			<dict>
				<key>ALWAYS_SEARCH_USER_PATHS</key>
				<string>NO</string>
				<key>CLANG_CXX_LANGUAGE_STANDARD</key>
				<string>gnu++0x</string>
				<key>CLANG_CXX_LIBRARY</key>
				<string>libc++</string>
				<key>CLANG_ENABLE_MODULES</key>
				<string>YES</string>
				<key>CLANG_ENABLE_OBJC_ARC</key>
				<string>YES</string>
				<key>CLANG_WARN_BOOL_CONVERSION</key>
				<string>YES</string>
				<key>CLANG_WARN_CONSTANT_CONVERSION</key>
				<string>YES</string>
				<key>CLANG_WARN_DIRECT_OBJC_ISA_USAGE</key>
				<string>YES_ERROR</string>
				<key>CLANG_WARN_EMPTY_BODY</key>
				<string>YES</string>
				<key>CLANG_WARN_ENUM_CONVERSION</key>
				<string>YES</string>
				<key>CLANG_WARN_INT_CONVERSION</key>
				<string>YES</string>
				<key>CLANG_WARN_OBJC_ROOT_CLASS</key>
				<string>YES_ERROR</string>
				<key>CLANG_WARN__DUPLICATE_METHOD_MATCH</key>
				<string>YES</string>
				<key>CODE_SIGN_IDENTITY[sdk=iphoneos*]</key>
				<string>iPhone Developer</string>
				<key>COPY_PHASE_STRIP</key>
				<string>NO</string>
				<key>GCC_C_LANGUAGE_STANDARD</key>
				<string>gnu99</string>
				<key>GCC_DYNAMIC_NO_PIC</key>
				<string>NO</string>
				<key>GCC_OPTIMIZATION_LEVEL</key>
				<string>0</string>
				<key>GCC_PREPROCESSOR_DEFINITIONS</key>
				<array>
					<string>DEBUG=1</string>
					<string>$(inherited)</string>
				</array>
				<key>GCC_SYMBOLS_PRIVATE_EXTERN</key>
				<string>NO</string>
				<key>GCC_WARN_64_TO_32_BIT_CONVERSION</key>
				<string>YES</string>
				<key>GCC_WARN_ABOUT_RETURN_TYPE</key>
				<string>YES_ERROR</string>
				<key>GCC_WARN_UNDECLARED_SELECTOR</key>
				<string>YES</string>
				<key>GCC_WARN_UNINITIALIZED_AUTOS</key>
				<string>YES_AGGRESSIVE</string>
				<key>GCC_WARN_UNUSED_FUNCTION</key>
				<string>YES</string>
				<key>GCC_WARN_UNUSED_VARIABLE</key>
				<string>YES</string>
				<key>IPHONEOS_DEPLOYMENT_TARGET</key>
				<string>7.1</string>
				<key>ONLY_ACTIVE_ARCH</key>
				<string>YES</string>
				<key>SDKROOT</key>
				<string>iphoneos</string>
				<key>TARGETED_DEVICE_FAMILY</key>
				<string>1,2</string>
			</dict>
			<key>isa</key>
			<string>XCBuildConfiguration</string>
			<key>name</key>
			<string>Debug</string>
		</dict>
		<key>330A9898190FB68300DAA53C</key>
		<dict>
			<key>buildSettings</key>
			<dict>
				<key>ALWAYS_SEARCH_USER_PATHS</key>
				<string>NO</string>
				<key>CLANG_CXX_LANGUAGE_STANDARD</key>
				<string>gnu++0x</string>
				<key>CLANG_CXX_LIBRARY</key>
				<string>libc++</string>
				<key>CLANG_ENABLE_MODULES</key>
				<string>YES</string>
				<key>CLANG_ENABLE_OBJC_ARC</key>
				<string>YES</string>
				<key>CLANG_WARN_BOOL_CONVERSION</key>
				<string>YES</string>
				<key>CLANG_WARN_CONSTANT_CONVERSION</key>
				<string>YES</string>
				<key>CLANG_WARN_DIRECT_OBJC_ISA_USAGE</key>
				<string>YES_ERROR</string>
				<key>CLANG_WARN_EMPTY_BODY</key>
				<string>YES</string>
				<key>CLANG_WARN_ENUM_CONVERSION</key>
				<string>YES</string>
				<key>CLANG_WARN_INT_CONVERSION</key>
				<string>YES</string>
				<key>CLANG_WARN_OBJC_ROOT_CLASS</key>
				<string>YES_ERROR</string>
				<key>CLANG_WARN__DUPLICATE_METHOD_MATCH</key>
				<string>YES</string>
				<key>CODE_SIGN_IDENTITY[sdk=iphoneos*]</key>
				<string>iPhone Developer</string>
				<key>COPY_PHASE_STRIP</key>
				<string>YES</string>
				<key>ENABLE_NS_ASSERTIONS</key>
				<string>NO</string>
				<key>GCC_C_LANGUAGE_STANDARD</key>
				<string>gnu99</string>
				<key>GCC_WARN_64_TO_32_BIT_CONVERSION</key>
				<string>YES</string>
				<key>GCC_WARN_ABOUT_RETURN_TYPE</key>
				<string>YES_ERROR</string>
				<key>GCC_WARN_UNDECLARED_SELECTOR</key>
				<string>YES</string>
				<key>GCC_WARN_UNINITIALIZED_AUTOS</key>
				<string>YES_AGGRESSIVE</string>
				<key>GCC_WARN_UNUSED_FUNCTION</key>
				<string>YES</string>
				<key>GCC_WARN_UNUSED_VARIABLE</key>
				<string>YES</string>
				<key>IPHONEOS_DEPLOYMENT_TARGET</key>
				<string>7.1</string>
				<key>SDKROOT</key>
				<string>iphoneos</string>
				<key>TARGETED_DEVICE_FAMILY</key>
				<string>1,2</string>
				<key>VALIDATE_PRODUCT</key>
				<string>YES</string>
			</dict>
			<key>isa</key>
			<string>XCBuildConfiguration</string>
			<key>name</key>
			<string>Release</string>
		</dict>
		<key>330A9899190FB68300DAA53C</key>
		<dict>
			<key>buildConfigurations</key>
			<array>
				<string>330A989A190FB68300DAA53C</string>
				<string>330A989B190FB68300DAA53C</string>
			</array>
			<key>defaultConfigurationIsVisible</key>
			<string>0</string>
			<key>defaultConfigurationName</key>
			<string>Release</string>
			<key>isa</key>
			<string>XCConfigurationList</string>
		</dict>
		<key>330A989A190FB68300DAA53C</key>
		<dict>
			<key>baseConfigurationReference</key>
			<string>C55055CFC74B4C23AF465131</string>
			<key>buildSettings</key>
			<dict>
				<key>ASSETCATALOG_COMPILER_APPICON_NAME</key>
				<string>AppIcon</string>
				<key>ASSETCATALOG_COMPILER_LAUNCHIMAGE_NAME</key>
				<string>LaunchImage</string>
				<key>GCC_PRECOMPILE_PREFIX_HEADER</key>
				<string>YES</string>
				<key>GCC_PREFIX_HEADER</key>
				<string>Touchaga/Touchaga-Prefix.pch</string>
				<key>INFOPLIST_FILE</key>
				<string>Touchaga/Touchaga-Info.plist</string>
				<key>PRODUCT_NAME</key>
				<string>$(TARGET_NAME)</string>
				<key>WRAPPER_EXTENSION</key>
				<string>app</string>
			</dict>
			<key>isa</key>
			<string>XCBuildConfiguration</string>
			<key>name</key>
			<string>Debug</string>
		</dict>
		<key>330A989B190FB68300DAA53C</key>
		<dict>
			<key>baseConfigurationReference</key>
			<string>C55055CFC74B4C23AF465131</string>
			<key>buildSettings</key>
			<dict>
				<key>ASSETCATALOG_COMPILER_APPICON_NAME</key>
				<string>AppIcon</string>
				<key>ASSETCATALOG_COMPILER_LAUNCHIMAGE_NAME</key>
				<string>LaunchImage</string>
				<key>GCC_PRECOMPILE_PREFIX_HEADER</key>
				<string>YES</string>
				<key>GCC_PREFIX_HEADER</key>
				<string>Touchaga/Touchaga-Prefix.pch</string>
				<key>INFOPLIST_FILE</key>
				<string>Touchaga/Touchaga-Info.plist</string>
				<key>PRODUCT_NAME</key>
				<string>$(TARGET_NAME)</string>
				<key>WRAPPER_EXTENSION</key>
				<string>app</string>
			</dict>
			<key>isa</key>
			<string>XCBuildConfiguration</string>
			<key>name</key>
			<string>Release</string>
		</dict>
		<key>330A989C190FB68300DAA53C</key>
		<dict>
			<key>buildConfigurations</key>
			<array>
				<string>330A989D190FB68300DAA53C</string>
				<string>330A989E190FB68300DAA53C</string>
			</array>
			<key>defaultConfigurationIsVisible</key>
			<string>0</string>
			<key>defaultConfigurationName</key>
			<string>Release</string>
			<key>isa</key>
			<string>XCConfigurationList</string>
		</dict>
		<key>330A989D190FB68300DAA53C</key>
		<dict>
			<key>buildSettings</key>
			<dict>
				<key>BUNDLE_LOADER</key>
				<string>$(BUILT_PRODUCTS_DIR)/Touchaga.app/Touchaga</string>
				<key>FRAMEWORK_SEARCH_PATHS</key>
				<array>
					<string>$(SDKROOT)/Developer/Library/Frameworks</string>
					<string>$(inherited)</string>
					<string>$(DEVELOPER_FRAMEWORKS_DIR)</string>
				</array>
				<key>GCC_PRECOMPILE_PREFIX_HEADER</key>
				<string>YES</string>
				<key>GCC_PREFIX_HEADER</key>
				<string>Touchaga/Touchaga-Prefix.pch</string>
				<key>GCC_PREPROCESSOR_DEFINITIONS</key>
				<array>
					<string>DEBUG=1</string>
					<string>$(inherited)</string>
				</array>
				<key>INFOPLIST_FILE</key>
				<string>TouchagaTests/TouchagaTests-Info.plist</string>
				<key>PRODUCT_NAME</key>
				<string>$(TARGET_NAME)</string>
				<key>TEST_HOST</key>
				<string>$(BUNDLE_LOADER)</string>
				<key>WRAPPER_EXTENSION</key>
				<string>xctest</string>
			</dict>
			<key>isa</key>
			<string>XCBuildConfiguration</string>
			<key>name</key>
			<string>Debug</string>
		</dict>
		<key>330A989E190FB68300DAA53C</key>
		<dict>
			<key>buildSettings</key>
			<dict>
				<key>BUNDLE_LOADER</key>
				<string>$(BUILT_PRODUCTS_DIR)/Touchaga.app/Touchaga</string>
				<key>FRAMEWORK_SEARCH_PATHS</key>
				<array>
					<string>$(SDKROOT)/Developer/Library/Frameworks</string>
					<string>$(inherited)</string>
					<string>$(DEVELOPER_FRAMEWORKS_DIR)</string>
				</array>
				<key>GCC_PRECOMPILE_PREFIX_HEADER</key>
				<string>YES</string>
				<key>GCC_PREFIX_HEADER</key>
				<string>Touchaga/Touchaga-Prefix.pch</string>
				<key>INFOPLIST_FILE</key>
				<string>TouchagaTests/TouchagaTests-Info.plist</string>
				<key>PRODUCT_NAME</key>
				<string>$(TARGET_NAME)</string>
				<key>TEST_HOST</key>
				<string>$(BUNDLE_LOADER)</string>
				<key>WRAPPER_EXTENSION</key>
				<string>xctest</string>
			</dict>
			<key>isa</key>
			<string>XCBuildConfiguration</string>
			<key>name</key>
			<string>Release</string>
		</dict>
		<key>330A989F190FB74A00DAA53C</key>
		<dict>
			<key>children</key>
			<array>
				<string>330A98A0190FB74A00DAA53C</string>
				<string>330A98BA190FB74A00DAA53C</string>
				<string>330A98D4190FB74A00DAA53C</string>
				<string>330A98D5190FB74A00DAA53C</string>
				<string>330A98D6190FB74A00DAA53C</string>
				<string>330A98D7190FB74A00DAA53C</string>
			</array>
			<key>isa</key>
			<string>PBXGroup</string>
			<key>path</key>
			<string>Classes</string>
			<key>sourceTree</key>
			<string>&lt;group&gt;</string>
		</dict>
		<key>330A98A0190FB74A00DAA53C</key>
		<dict>
			<key>children</key>
			<array>
				<string>330A98A1190FB74A00DAA53C</string>
				<string>330A98A8190FB74A00DAA53C</string>
				<string>330A98A9190FB74A00DAA53C</string>
				<string>330A98AA190FB74A00DAA53C</string>
				<string>330A98AB190FB74A00DAA53C</string>
				<string>330A98AC190FB74A00DAA53C</string>
				<string>330A98AD190FB74A00DAA53C</string>
				<string>330A98AE190FB74A00DAA53C</string>
				<string>330A98AF190FB74A00DAA53C</string>
				<string>330A98B0190FB74A00DAA53C</string>
				<string>330A98B1190FB74A00DAA53C</string>
				<string>330A98B2190FB74A00DAA53C</string>
				<string>330A98B3190FB74A00DAA53C</string>
				<string>330A98B4190FB74A00DAA53C</string>
				<string>330A98B5190FB74A00DAA53C</string>
				<string>330A98B6190FB74A00DAA53C</string>
				<string>330A98B7190FB74A00DAA53C</string>
				<string>330A98B8190FB74A00DAA53C</string>
				<string>330A98B9190FB74A00DAA53C</string>
			</array>
			<key>isa</key>
			<string>PBXGroup</string>
			<key>path</key>
			<string>Level</string>
			<key>sourceTree</key>
			<string>&lt;group&gt;</string>
		</dict>
		<key>330A98A1190FB74A00DAA53C</key>
		<dict>
			<key>children</key>
			<array>
				<string>330A98A2190FB74A00DAA53C</string>
				<string>330A98A3190FB74A00DAA53C</string>
				<string>330A98A4190FB74A00DAA53C</string>
				<string>330A98A5190FB74A00DAA53C</string>
				<string>330A98A6190FB74A00DAA53C</string>
				<string>330A98A7190FB74A00DAA53C</string>
			</array>
			<key>isa</key>
			<string>PBXGroup</string>
			<key>path</key>
			<string>ActionPoints</string>
			<key>sourceTree</key>
			<string>&lt;group&gt;</string>
		</dict>
		<key>330A98A2190FB74A00DAA53C</key>
		<dict>
			<key>fileEncoding</key>
			<string>4</string>
			<key>isa</key>
			<string>PBXFileReference</string>
			<key>lastKnownFileType</key>
			<string>sourcecode.c.h</string>
			<key>path</key>
			<string>ActionPoint.h</string>
			<key>sourceTree</key>
			<string>&lt;group&gt;</string>
		</dict>
		<key>330A98A3190FB74A00DAA53C</key>
		<dict>
			<key>fileEncoding</key>
			<string>4</string>
			<key>isa</key>
			<string>PBXFileReference</string>
			<key>lastKnownFileType</key>
			<string>sourcecode.c.objc</string>
			<key>path</key>
			<string>ActionPoint.m</string>
			<key>sourceTree</key>
			<string>&lt;group&gt;</string>
		</dict>
		<key>330A98A4190FB74A00DAA53C</key>
		<dict>
			<key>fileEncoding</key>
			<string>4</string>
			<key>isa</key>
			<string>PBXFileReference</string>
			<key>lastKnownFileType</key>
			<string>sourcecode.c.h</string>
			<key>path</key>
			<string>ActionPointSimpleParametizedFactory.h</string>
			<key>sourceTree</key>
			<string>&lt;group&gt;</string>
		</dict>
		<key>330A98A5190FB74A00DAA53C</key>
		<dict>
			<key>fileEncoding</key>
			<string>4</string>
			<key>isa</key>
			<string>PBXFileReference</string>
			<key>lastKnownFileType</key>
			<string>sourcecode.c.objc</string>
			<key>path</key>
			<string>ActionPointSimpleParametizedFactory.m</string>
			<key>sourceTree</key>
			<string>&lt;group&gt;</string>
		</dict>
		<key>330A98A6190FB74A00DAA53C</key>
		<dict>
			<key>fileEncoding</key>
			<string>4</string>
			<key>isa</key>
			<string>PBXFileReference</string>
			<key>lastKnownFileType</key>
			<string>sourcecode.c.h</string>
			<key>path</key>
			<string>ShootSimpleBullet.h</string>
			<key>sourceTree</key>
			<string>&lt;group&gt;</string>
		</dict>
		<key>330A98A7190FB74A00DAA53C</key>
		<dict>
			<key>fileEncoding</key>
			<string>4</string>
			<key>isa</key>
			<string>PBXFileReference</string>
			<key>lastKnownFileType</key>
			<string>sourcecode.c.objc</string>
			<key>path</key>
			<string>ShootSimpleBullet.m</string>
			<key>sourceTree</key>
			<string>&lt;group&gt;</string>
		</dict>
		<key>330A98A8190FB74A00DAA53C</key>
		<dict>
			<key>fileEncoding</key>
			<string>4</string>
			<key>isa</key>
			<string>PBXFileReference</string>
			<key>lastKnownFileType</key>
			<string>sourcecode.c.h</string>
			<key>path</key>
			<string>BasicEnemy.h</string>
			<key>sourceTree</key>
			<string>&lt;group&gt;</string>
		</dict>
		<key>330A98A9190FB74A00DAA53C</key>
		<dict>
			<key>fileEncoding</key>
			<string>4</string>
			<key>isa</key>
			<string>PBXFileReference</string>
			<key>lastKnownFileType</key>
			<string>sourcecode.c.objc</string>
			<key>path</key>
			<string>BasicEnemy.m</string>
			<key>sourceTree</key>
			<string>&lt;group&gt;</string>
		</dict>
		<key>330A98AA190FB74A00DAA53C</key>
		<dict>
			<key>fileEncoding</key>
			<string>4</string>
			<key>isa</key>
			<string>PBXFileReference</string>
			<key>lastKnownFileType</key>
			<string>sourcecode.c.h</string>
			<key>path</key>
			<string>Enemy.h</string>
			<key>sourceTree</key>
			<string>&lt;group&gt;</string>
		</dict>
		<key>330A98AB190FB74A00DAA53C</key>
		<dict>
			<key>fileEncoding</key>
			<string>4</string>
			<key>isa</key>
			<string>PBXFileReference</string>
			<key>lastKnownFileType</key>
			<string>sourcecode.c.objc</string>
			<key>path</key>
			<string>Enemy.m</string>
			<key>sourceTree</key>
			<string>&lt;group&gt;</string>
		</dict>
		<key>330A98AC190FB74A00DAA53C</key>
		<dict>
			<key>fileEncoding</key>
			<string>4</string>
			<key>isa</key>
			<string>PBXFileReference</string>
			<key>lastKnownFileType</key>
			<string>sourcecode.c.h</string>
			<key>path</key>
			<string>Level.h</string>
			<key>sourceTree</key>
			<string>&lt;group&gt;</string>
		</dict>
		<key>330A98AD190FB74A00DAA53C</key>
		<dict>
			<key>fileEncoding</key>
			<string>4</string>
			<key>isa</key>
			<string>PBXFileReference</string>
			<key>lastKnownFileType</key>
			<string>sourcecode.c.objc</string>
			<key>path</key>
			<string>Level.m</string>
			<key>sourceTree</key>
			<string>&lt;group&gt;</string>
		</dict>
		<key>330A98AE190FB74A00DAA53C</key>
		<dict>
			<key>fileEncoding</key>
			<string>4</string>
			<key>isa</key>
			<string>PBXFileReference</string>
			<key>lastKnownFileType</key>
			<string>sourcecode.c.h</string>
			<key>path</key>
			<string>LevelCreateEvent.h</string>
			<key>sourceTree</key>
			<string>&lt;group&gt;</string>
		</dict>
		<key>330A98AF190FB74A00DAA53C</key>
		<dict>
			<key>fileEncoding</key>
			<string>4</string>
			<key>isa</key>
			<string>PBXFileReference</string>
			<key>lastKnownFileType</key>
			<string>sourcecode.c.objc</string>
			<key>path</key>
			<string>LevelCreateEvent.m</string>
			<key>sourceTree</key>
			<string>&lt;group&gt;</string>
		</dict>
		<key>330A98B0190FB74A00DAA53C</key>
		<dict>
			<key>fileEncoding</key>
			<string>4</string>
			<key>isa</key>
			<string>PBXFileReference</string>
			<key>lastKnownFileType</key>
			<string>sourcecode.c.h</string>
			<key>path</key>
			<string>Path.h</string>
			<key>sourceTree</key>
			<string>&lt;group&gt;</string>
		</dict>
		<key>330A98B1190FB74A00DAA53C</key>
		<dict>
			<key>fileEncoding</key>
			<string>4</string>
			<key>isa</key>
			<string>PBXFileReference</string>
			<key>lastKnownFileType</key>
			<string>sourcecode.c.objc</string>
			<key>path</key>
			<string>Path.m</string>
			<key>sourceTree</key>
			<string>&lt;group&gt;</string>
		</dict>
		<key>330A98B2190FB74A00DAA53C</key>
		<dict>
			<key>fileEncoding</key>
			<string>4</string>
			<key>isa</key>
			<string>PBXFileReference</string>
			<key>lastKnownFileType</key>
			<string>sourcecode.c.h</string>
			<key>path</key>
			<string>Pattern.h</string>
			<key>sourceTree</key>
			<string>&lt;group&gt;</string>
		</dict>
		<key>330A98B3190FB74A00DAA53C</key>
		<dict>
			<key>fileEncoding</key>
			<string>4</string>
			<key>isa</key>
			<string>PBXFileReference</string>
			<key>lastKnownFileType</key>
			<string>sourcecode.c.objc</string>
			<key>path</key>
			<string>Pattern.m</string>
			<key>sourceTree</key>
			<string>&lt;group&gt;</string>
		</dict>
		<key>330A98B4190FB74A00DAA53C</key>
		<dict>
			<key>fileEncoding</key>
			<string>4</string>
			<key>isa</key>
			<string>PBXFileReference</string>
			<key>lastKnownFileType</key>
			<string>sourcecode.c.h</string>
			<key>path</key>
			<string>ScriptedObject.h</string>
			<key>sourceTree</key>
			<string>&lt;group&gt;</string>
		</dict>
		<key>330A98B5190FB74A00DAA53C</key>
		<dict>
			<key>fileEncoding</key>
			<string>4</string>
			<key>isa</key>
			<string>PBXFileReference</string>
			<key>lastKnownFileType</key>
			<string>sourcecode.c.objc</string>
			<key>path</key>
			<string>ScriptedObject.m</string>
			<key>sourceTree</key>
			<string>&lt;group&gt;</string>
		</dict>
		<key>330A98B6190FB74A00DAA53C</key>
		<dict>
			<key>fileEncoding</key>
			<string>4</string>
			<key>isa</key>
			<string>PBXFileReference</string>
			<key>lastKnownFileType</key>
			<string>sourcecode.c.h</string>
			<key>path</key>
			<string>ScriptedObjectFactory.h</string>
			<key>sourceTree</key>
			<string>&lt;group&gt;</string>
		</dict>
		<key>330A98B7190FB74A00DAA53C</key>
		<dict>
			<key>fileEncoding</key>
			<string>4</string>
			<key>isa</key>
			<string>PBXFileReference</string>
			<key>lastKnownFileType</key>
			<string>sourcecode.c.objc</string>
			<key>path</key>
			<string>ScriptedObjectFactory.m</string>
			<key>sourceTree</key>
			<string>&lt;group&gt;</string>
		</dict>
		<key>330A98B8190FB74A00DAA53C</key>
		<dict>
			<key>fileEncoding</key>
			<string>4</string>
			<key>isa</key>
			<string>PBXFileReference</string>
			<key>lastKnownFileType</key>
			<string>sourcecode.c.h</string>
			<key>path</key>
			<string>SQLite3DataAccess.h</string>
			<key>sourceTree</key>
			<string>&lt;group&gt;</string>
		</dict>
		<key>330A98B9190FB74A00DAA53C</key>
		<dict>
			<key>fileEncoding</key>
			<string>4</string>
			<key>isa</key>
			<string>PBXFileReference</string>
			<key>lastKnownFileType</key>
			<string>sourcecode.c.objc</string>
			<key>path</key>
			<string>SQLite3DataAccess.m</string>
			<key>sourceTree</key>
			<string>&lt;group&gt;</string>
		</dict>
		<key>330A98BA190FB74A00DAA53C</key>
		<dict>
			<key>children</key>
			<array>
				<string>330A98BB190FB74A00DAA53C</string>
				<string>330A98BC190FB74A00DAA53C</string>
				<string>330A98BD190FB74A00DAA53C</string>
				<string>330A98BE190FB74A00DAA53C</string>
				<string>330A98BF190FB74A00DAA53C</string>
				<string>330A98C0190FB74A00DAA53C</string>
				<string>330A98C1190FB74A00DAA53C</string>
				<string>330A98C2190FB74A00DAA53C</string>
				<string>330A98C3190FB74A00DAA53C</string>
				<string>330A98CE190FB74A00DAA53C</string>
				<string>330A98CF190FB74A00DAA53C</string>
				<string>330A98D0190FB74A00DAA53C</string>
				<string>330A98D1190FB74A00DAA53C</string>
				<string>330A98D2190FB74A00DAA53C</string>
				<string>330A98D3190FB74A00DAA53C</string>
			</array>
			<key>isa</key>
			<string>PBXGroup</string>
			<key>path</key>
			<string>MainGame</string>
			<key>sourceTree</key>
			<string>&lt;group&gt;</string>
		</dict>
		<key>330A98BB190FB74A00DAA53C</key>
		<dict>
			<key>fileEncoding</key>
			<string>4</string>
			<key>isa</key>
			<string>PBXFileReference</string>
			<key>lastKnownFileType</key>
			<string>sourcecode.c.h</string>
			<key>path</key>
			<string>Background.h</string>
			<key>sourceTree</key>
			<string>&lt;group&gt;</string>
		</dict>
		<key>330A98BC190FB74A00DAA53C</key>
		<dict>
			<key>fileEncoding</key>
			<string>4</string>
			<key>isa</key>
			<string>PBXFileReference</string>
			<key>lastKnownFileType</key>
			<string>sourcecode.c.objc</string>
			<key>path</key>
			<string>Background.m</string>
			<key>sourceTree</key>
			<string>&lt;group&gt;</string>
		</dict>
		<key>330A98BD190FB74A00DAA53C</key>
		<dict>
			<key>fileEncoding</key>
			<string>4</string>
			<key>isa</key>
			<string>PBXFileReference</string>
			<key>lastKnownFileType</key>
			<string>sourcecode.c.h</string>
			<key>path</key>
			<string>GameLayer.h</string>
			<key>sourceTree</key>
			<string>&lt;group&gt;</string>
		</dict>
		<key>330A98BE190FB74A00DAA53C</key>
		<dict>
			<key>fileEncoding</key>
			<string>4</string>
			<key>isa</key>
			<string>PBXFileReference</string>
			<key>lastKnownFileType</key>
			<string>sourcecode.c.objc</string>
			<key>path</key>
			<string>GameLayer.m</string>
			<key>sourceTree</key>
			<string>&lt;group&gt;</string>
		</dict>
		<key>330A98BF190FB74A00DAA53C</key>
		<dict>
			<key>fileEncoding</key>
			<string>4</string>
			<key>isa</key>
			<string>PBXFileReference</string>
			<key>lastKnownFileType</key>
			<string>sourcecode.c.h</string>
			<key>path</key>
			<string>Globals.h</string>
			<key>sourceTree</key>
			<string>&lt;group&gt;</string>
		</dict>
		<key>330A98C0190FB74A00DAA53C</key>
		<dict>
			<key>fileEncoding</key>
			<string>4</string>
			<key>isa</key>
			<string>PBXFileReference</string>
			<key>lastKnownFileType</key>
			<string>sourcecode.c.objc</string>
			<key>path</key>
			<string>Globals.m</string>
			<key>sourceTree</key>
			<string>&lt;group&gt;</string>
		</dict>
		<key>330A98C1190FB74A00DAA53C</key>
		<dict>
			<key>fileEncoding</key>
			<string>4</string>
			<key>isa</key>
			<string>PBXFileReference</string>
			<key>lastKnownFileType</key>
			<string>sourcecode.c.h</string>
			<key>path</key>
			<string>MainGameLoop.h</string>
			<key>sourceTree</key>
			<string>&lt;group&gt;</string>
		</dict>
		<key>330A98C2190FB74A00DAA53C</key>
		<dict>
			<key>fileEncoding</key>
			<string>4</string>
			<key>isa</key>
			<string>PBXFileReference</string>
			<key>lastKnownFileType</key>
			<string>sourcecode.c.objc</string>
			<key>path</key>
			<string>MainGameLoop.m</string>
			<key>sourceTree</key>
			<string>&lt;group&gt;</string>
		</dict>
		<key>330A98C3190FB74A00DAA53C</key>
		<dict>
			<key>children</key>
			<array>
				<string>330A98C4190FB74A00DAA53C</string>
				<string>330A98C5190FB74A00DAA53C</string>
				<string>330A98C6190FB74A00DAA53C</string>
				<string>330A98C7190FB74A00DAA53C</string>
				<string>330A98C8190FB74A00DAA53C</string>
				<string>330A98C9190FB74A00DAA53C</string>
				<string>330A98CA190FB74A00DAA53C</string>
				<string>330A98CB190FB74A00DAA53C</string>
				<string>330A98CC190FB74A00DAA53C</string>
				<string>330A98CD190FB74A00DAA53C</string>
			</array>
			<key>isa</key>
			<string>PBXGroup</string>
			<key>path</key>
			<string>Player</string>
			<key>sourceTree</key>
			<string>&lt;group&gt;</string>
		</dict>
		<key>330A98C4190FB74A00DAA53C</key>
		<dict>
			<key>fileEncoding</key>
			<string>4</string>
			<key>isa</key>
			<string>PBXFileReference</string>
			<key>lastKnownFileType</key>
			<string>sourcecode.c.h</string>
			<key>path</key>
			<string>Player.h</string>
			<key>sourceTree</key>
			<string>&lt;group&gt;</string>
		</dict>
		<key>330A98C5190FB74A00DAA53C</key>
		<dict>
			<key>fileEncoding</key>
			<string>4</string>
			<key>isa</key>
			<string>PBXFileReference</string>
			<key>lastKnownFileType</key>
			<string>sourcecode.c.objc</string>
			<key>path</key>
			<string>Player.m</string>
			<key>sourceTree</key>
			<string>&lt;group&gt;</string>
		</dict>
		<key>330A98C6190FB74A00DAA53C</key>
		<dict>
			<key>fileEncoding</key>
			<string>4</string>
			<key>isa</key>
			<string>PBXFileReference</string>
			<key>lastKnownFileType</key>
			<string>sourcecode.c.h</string>
			<key>path</key>
			<string>PlayerBullet.h</string>
			<key>sourceTree</key>
			<string>&lt;group&gt;</string>
		</dict>
		<key>330A98C7190FB74A00DAA53C</key>
		<dict>
			<key>fileEncoding</key>
			<string>4</string>
			<key>isa</key>
			<string>PBXFileReference</string>
			<key>lastKnownFileType</key>
			<string>sourcecode.c.objc</string>
			<key>path</key>
			<string>PlayerBullet.m</string>
			<key>sourceTree</key>
			<string>&lt;group&gt;</string>
		</dict>
		<key>330A98C8190FB74A00DAA53C</key>
		<dict>
			<key>fileEncoding</key>
			<string>4</string>
			<key>isa</key>
			<string>PBXFileReference</string>
			<key>lastKnownFileType</key>
			<string>sourcecode.c.h</string>
			<key>path</key>
			<string>PlayerInactiveLayer.h</string>
			<key>sourceTree</key>
			<string>&lt;group&gt;</string>
		</dict>
		<key>330A98C9190FB74A00DAA53C</key>
		<dict>
			<key>fileEncoding</key>
			<string>4</string>
			<key>isa</key>
			<string>PBXFileReference</string>
			<key>lastKnownFileType</key>
			<string>sourcecode.c.objc</string>
			<key>path</key>
			<string>PlayerInactiveLayer.m</string>
			<key>sourceTree</key>
			<string>&lt;group&gt;</string>
		</dict>
		<key>330A98CA190FB74A00DAA53C</key>
		<dict>
			<key>fileEncoding</key>
			<string>4</string>
			<key>isa</key>
			<string>PBXFileReference</string>
			<key>lastKnownFileType</key>
			<string>sourcecode.c.h</string>
			<key>path</key>
			<string>WarpEnergy.h</string>
			<key>sourceTree</key>
			<string>&lt;group&gt;</string>
		</dict>
		<key>330A98CB190FB74A00DAA53C</key>
		<dict>
			<key>fileEncoding</key>
			<string>4</string>
			<key>isa</key>
			<string>PBXFileReference</string>
			<key>lastKnownFileType</key>
			<string>sourcecode.c.objc</string>
			<key>path</key>
			<string>WarpEnergy.m</string>
			<key>sourceTree</key>
			<string>&lt;group&gt;</string>
		</dict>
		<key>330A98CC190FB74A00DAA53C</key>
		<dict>
			<key>fileEncoding</key>
			<string>4</string>
			<key>isa</key>
			<string>PBXFileReference</string>
			<key>lastKnownFileType</key>
			<string>sourcecode.c.h</string>
			<key>path</key>
			<string>WarpOutCircle.h</string>
			<key>sourceTree</key>
			<string>&lt;group&gt;</string>
		</dict>
		<key>330A98CD190FB74A00DAA53C</key>
		<dict>
			<key>fileEncoding</key>
			<string>4</string>
			<key>isa</key>
			<string>PBXFileReference</string>
			<key>lastKnownFileType</key>
			<string>sourcecode.c.objc</string>
			<key>path</key>
			<string>WarpOutCircle.m</string>
			<key>sourceTree</key>
			<string>&lt;group&gt;</string>
		</dict>
		<key>330A98CE190FB74A00DAA53C</key>
		<dict>
			<key>fileEncoding</key>
			<string>4</string>
			<key>isa</key>
			<string>PBXFileReference</string>
			<key>lastKnownFileType</key>
			<string>sourcecode.c.h</string>
			<key>path</key>
			<string>ShootButtonLayer.h</string>
			<key>sourceTree</key>
			<string>&lt;group&gt;</string>
		</dict>
		<key>330A98CF190FB74A00DAA53C</key>
		<dict>
			<key>fileEncoding</key>
			<string>4</string>
			<key>isa</key>
			<string>PBXFileReference</string>
			<key>lastKnownFileType</key>
			<string>sourcecode.c.objc</string>
			<key>path</key>
			<string>ShootButtonLayer.m</string>
			<key>sourceTree</key>
			<string>&lt;group&gt;</string>
		</dict>
		<key>330A98D0190FB74A00DAA53C</key>
		<dict>
			<key>fileEncoding</key>
			<string>4</string>
			<key>isa</key>
			<string>PBXFileReference</string>
			<key>lastKnownFileType</key>
			<string>sourcecode.c.h</string>
			<key>path</key>
			<string>SpriteManager.h</string>
			<key>sourceTree</key>
			<string>&lt;group&gt;</string>
		</dict>
		<key>330A98D1190FB74A00DAA53C</key>
		<dict>
			<key>fileEncoding</key>
			<string>4</string>
			<key>isa</key>
			<string>PBXFileReference</string>
			<key>lastKnownFileType</key>
			<string>sourcecode.c.objc</string>
			<key>path</key>
			<string>SpriteManager.m</string>
			<key>sourceTree</key>
			<string>&lt;group&gt;</string>
		</dict>
		<key>330A98D2190FB74A00DAA53C</key>
		<dict>
			<key>fileEncoding</key>
			<string>4</string>
			<key>isa</key>
			<string>PBXFileReference</string>
			<key>lastKnownFileType</key>
			<string>sourcecode.c.h</string>
			<key>path</key>
			<string>TouchagaSprite.h</string>
			<key>sourceTree</key>
			<string>&lt;group&gt;</string>
		</dict>
		<key>330A98D3190FB74A00DAA53C</key>
		<dict>
			<key>fileEncoding</key>
			<string>4</string>
			<key>isa</key>
			<string>PBXFileReference</string>
			<key>lastKnownFileType</key>
			<string>sourcecode.c.objc</string>
			<key>path</key>
			<string>TouchagaSprite.m</string>
			<key>sourceTree</key>
			<string>&lt;group&gt;</string>
		</dict>
		<key>330A98D4190FB74A00DAA53C</key>
		<dict>
			<key>fileEncoding</key>
			<string>4</string>
			<key>isa</key>
			<string>PBXFileReference</string>
			<key>lastKnownFileType</key>
			<string>sourcecode.c.h</string>
			<key>path</key>
			<string>SceneManager.h</string>
			<key>sourceTree</key>
			<string>&lt;group&gt;</string>
		</dict>
		<key>330A98D5190FB74A00DAA53C</key>
		<dict>
			<key>fileEncoding</key>
			<string>4</string>
			<key>isa</key>
			<string>PBXFileReference</string>
			<key>lastKnownFileType</key>
			<string>sourcecode.c.objc</string>
			<key>path</key>
			<string>SceneManager.m</string>
			<key>sourceTree</key>
			<string>&lt;group&gt;</string>
		</dict>
		<key>330A98D6190FB74A00DAA53C</key>
		<dict>
			<key>fileEncoding</key>
			<string>4</string>
			<key>isa</key>
			<string>PBXFileReference</string>
			<key>lastKnownFileType</key>
			<string>sourcecode.c.h</string>
			<key>path</key>
			<string>TouchagaAppDelegate.h</string>
			<key>sourceTree</key>
			<string>&lt;group&gt;</string>
		</dict>
		<key>330A98D7190FB74A00DAA53C</key>
		<dict>
			<key>fileEncoding</key>
			<string>4</string>
			<key>isa</key>
			<string>PBXFileReference</string>
			<key>lastKnownFileType</key>
			<string>sourcecode.c.objc</string>
			<key>path</key>
			<string>TouchagaAppDelegate.m</string>
			<key>sourceTree</key>
			<string>&lt;group&gt;</string>
		</dict>
		<key>330A98D8190FB74A00DAA53C</key>
		<dict>
			<key>fileRef</key>
			<string>330A98A3190FB74A00DAA53C</string>
			<key>isa</key>
			<string>PBXBuildFile</string>
		</dict>
		<key>330A98D9190FB74A00DAA53C</key>
		<dict>
			<key>fileRef</key>
			<string>330A98A5190FB74A00DAA53C</string>
			<key>isa</key>
			<string>PBXBuildFile</string>
		</dict>
		<key>330A98DA190FB74A00DAA53C</key>
		<dict>
			<key>fileRef</key>
			<string>330A98A7190FB74A00DAA53C</string>
			<key>isa</key>
			<string>PBXBuildFile</string>
		</dict>
		<key>330A98DB190FB74A00DAA53C</key>
		<dict>
			<key>fileRef</key>
			<string>330A98A9190FB74A00DAA53C</string>
			<key>isa</key>
			<string>PBXBuildFile</string>
		</dict>
		<key>330A98DC190FB74A00DAA53C</key>
		<dict>
			<key>fileRef</key>
			<string>330A98AB190FB74A00DAA53C</string>
			<key>isa</key>
			<string>PBXBuildFile</string>
		</dict>
		<key>330A98DD190FB74A00DAA53C</key>
		<dict>
			<key>fileRef</key>
			<string>330A98AD190FB74A00DAA53C</string>
			<key>isa</key>
			<string>PBXBuildFile</string>
		</dict>
		<key>330A98DE190FB74A00DAA53C</key>
		<dict>
			<key>fileRef</key>
			<string>330A98AF190FB74A00DAA53C</string>
			<key>isa</key>
			<string>PBXBuildFile</string>
		</dict>
		<key>330A98DF190FB74A00DAA53C</key>
		<dict>
			<key>fileRef</key>
			<string>330A98B1190FB74A00DAA53C</string>
			<key>isa</key>
			<string>PBXBuildFile</string>
		</dict>
		<key>330A98E0190FB74A00DAA53C</key>
		<dict>
			<key>fileRef</key>
			<string>330A98B3190FB74A00DAA53C</string>
			<key>isa</key>
			<string>PBXBuildFile</string>
		</dict>
		<key>330A98E1190FB74A00DAA53C</key>
		<dict>
			<key>fileRef</key>
			<string>330A98B5190FB74A00DAA53C</string>
			<key>isa</key>
			<string>PBXBuildFile</string>
		</dict>
		<key>330A98E2190FB74A00DAA53C</key>
		<dict>
			<key>fileRef</key>
			<string>330A98B7190FB74A00DAA53C</string>
			<key>isa</key>
			<string>PBXBuildFile</string>
		</dict>
		<key>330A98E3190FB74A00DAA53C</key>
		<dict>
			<key>fileRef</key>
			<string>330A98B9190FB74A00DAA53C</string>
			<key>isa</key>
			<string>PBXBuildFile</string>
		</dict>
		<key>330A98E4190FB74A00DAA53C</key>
		<dict>
			<key>fileRef</key>
			<string>330A98BC190FB74A00DAA53C</string>
			<key>isa</key>
			<string>PBXBuildFile</string>
		</dict>
		<key>330A98E5190FB74A00DAA53C</key>
		<dict>
			<key>fileRef</key>
			<string>330A98BE190FB74A00DAA53C</string>
			<key>isa</key>
			<string>PBXBuildFile</string>
		</dict>
		<key>330A98E6190FB74A00DAA53C</key>
		<dict>
			<key>fileRef</key>
			<string>330A98C0190FB74A00DAA53C</string>
			<key>isa</key>
			<string>PBXBuildFile</string>
		</dict>
		<key>330A98E7190FB74A00DAA53C</key>
		<dict>
			<key>fileRef</key>
			<string>330A98C2190FB74A00DAA53C</string>
			<key>isa</key>
			<string>PBXBuildFile</string>
		</dict>
		<key>330A98E8190FB74A00DAA53C</key>
		<dict>
			<key>fileRef</key>
			<string>330A98C5190FB74A00DAA53C</string>
			<key>isa</key>
			<string>PBXBuildFile</string>
		</dict>
		<key>330A98E9190FB74A00DAA53C</key>
		<dict>
			<key>fileRef</key>
			<string>330A98C7190FB74A00DAA53C</string>
			<key>isa</key>
			<string>PBXBuildFile</string>
		</dict>
		<key>330A98EA190FB74A00DAA53C</key>
		<dict>
			<key>fileRef</key>
			<string>330A98C9190FB74A00DAA53C</string>
			<key>isa</key>
			<string>PBXBuildFile</string>
		</dict>
		<key>330A98EB190FB74A00DAA53C</key>
		<dict>
			<key>fileRef</key>
			<string>330A98CB190FB74A00DAA53C</string>
			<key>isa</key>
			<string>PBXBuildFile</string>
		</dict>
		<key>330A98EC190FB74A00DAA53C</key>
		<dict>
			<key>fileRef</key>
			<string>330A98CD190FB74A00DAA53C</string>
			<key>isa</key>
			<string>PBXBuildFile</string>
		</dict>
		<key>330A98ED190FB74A00DAA53C</key>
		<dict>
			<key>fileRef</key>
			<string>330A98CF190FB74A00DAA53C</string>
			<key>isa</key>
			<string>PBXBuildFile</string>
		</dict>
		<key>330A98EE190FB74A00DAA53C</key>
		<dict>
			<key>fileRef</key>
			<string>330A98D1190FB74A00DAA53C</string>
			<key>isa</key>
			<string>PBXBuildFile</string>
		</dict>
		<key>330A98EF190FB74A00DAA53C</key>
		<dict>
			<key>fileRef</key>
			<string>330A98D3190FB74A00DAA53C</string>
			<key>isa</key>
			<string>PBXBuildFile</string>
		</dict>
		<key>330A98F0190FB74A00DAA53C</key>
		<dict>
			<key>fileRef</key>
			<string>330A98D5190FB74A00DAA53C</string>
			<key>isa</key>
			<string>PBXBuildFile</string>
		</dict>
		<key>330A98F1190FB74A00DAA53C</key>
		<dict>
			<key>fileRef</key>
			<string>330A98D7190FB74A00DAA53C</string>
			<key>isa</key>
			<string>PBXBuildFile</string>
		</dict>
		<key>330A98F2190FB75200DAA53C</key>
		<dict>
			<key>children</key>
			<array>
				<string>330A98F3190FB75200DAA53C</string>
				<string>330A98F4190FB75200DAA53C</string>
				<string>330A98F5190FB75200DAA53C</string>
				<string>330A98F6190FB75200DAA53C</string>
				<string>330A98F7190FB75200DAA53C</string>
				<string>330A98F8190FB75200DAA53C</string>
				<string>330A98F9190FB75200DAA53C</string>
				<string>330A98FA190FB75200DAA53C</string>
				<string>330A98FB190FB75200DAA53C</string>
				<string>330A98FC190FB75200DAA53C</string>
				<string>330A98FD190FB75200DAA53C</string>
			</array>
			<key>isa</key>
			<string>PBXGroup</string>
			<key>name</key>
			<string>Resources</string>
			<key>path</key>
			<string>Classes/Resources</string>
			<key>sourceTree</key>
			<string>&lt;group&gt;</string>
		</dict>
		<key>330A98F3190FB75200DAA53C</key>
		<dict>
			<key>isa</key>
			<string>PBXFileReference</string>
			<key>lastKnownFileType</key>
			<string>image.png</string>
			<key>path</key>
			<string>background.png</string>
			<key>sourceTree</key>
			<string>&lt;group&gt;</string>
		</dict>
		<key>330A98F4190FB75200DAA53C</key>
		<dict>
			<key>isa</key>
			<string>PBXFileReference</string>
			<key>lastKnownFileType</key>
			<string>image.png</string>
			<key>path</key>
			<string>bullet.png</string>
			<key>sourceTree</key>
			<string>&lt;group&gt;</string>
		</dict>
		<key>330A98F5190FB75200DAA53C</key>
		<dict>
			<key>isa</key>
			<string>PBXFileReference</string>
			<key>lastKnownFileType</key>
			<string>image.png</string>
			<key>path</key>
			<string>bullets.png</string>
			<key>sourceTree</key>
			<string>&lt;group&gt;</string>
		</dict>
		<key>330A98F6190FB75200DAA53C</key>
		<dict>
			<key>isa</key>
			<string>PBXFileReference</string>
			<key>lastKnownFileType</key>
			<string>image.png</string>
			<key>path</key>
			<string>Default.png</string>
			<key>sourceTree</key>
			<string>&lt;group&gt;</string>
		</dict>
		<key>330A98F7190FB75200DAA53C</key>
		<dict>
			<key>isa</key>
			<string>PBXFileReference</string>
			<key>lastKnownFileType</key>
			<string>image.png</string>
			<key>path</key>
			<string>enemies.png</string>
			<key>sourceTree</key>
			<string>&lt;group&gt;</string>
		</dict>
		<key>330A98F8190FB75200DAA53C</key>
		<dict>
			<key>isa</key>
			<string>PBXFileReference</string>
			<key>lastKnownFileType</key>
			<string>image.png</string>
			<key>path</key>
			<string>fps_images.png</string>
			<key>sourceTree</key>
			<string>&lt;group&gt;</string>
		</dict>
		<key>330A98F9190FB75200DAA53C</key>
		<dict>
			<key>isa</key>
			<string>PBXFileReference</string>
			<key>lastKnownFileType</key>
			<string>image.png</string>
			<key>path</key>
			<string>Icon.png</string>
			<key>sourceTree</key>
			<string>&lt;group&gt;</string>
		</dict>
		<key>330A98FA190FB75200DAA53C</key>
		<dict>
			<key>fileEncoding</key>
			<string>4</string>
			<key>isa</key>
			<string>PBXFileReference</string>
			<key>lastKnownFileType</key>
			<string>text.plist.xml</string>
			<key>path</key>
			<string>Info.plist</string>
			<key>sourceTree</key>
			<string>&lt;group&gt;</string>
		</dict>
		<key>330A98FB190FB75200DAA53C</key>
		<dict>
			<key>isa</key>
			<string>PBXFileReference</string>
			<key>lastKnownFileType</key>
			<string>image.png</string>
			<key>path</key>
			<string>player.png</string>
			<key>sourceTree</key>
			<string>&lt;group&gt;</string>
		</dict>
		<key>330A98FC190FB75200DAA53C</key>
		<dict>
			<key>isa</key>
			<string>PBXFileReference</string>
			<key>lastKnownFileType</key>
			<string>file</string>
			<key>path</key>
			<string>touchaga.db</string>
			<key>sourceTree</key>
			<string>&lt;group&gt;</string>
		</dict>
		<key>330A98FD190FB75200DAA53C</key>
		<dict>
			<key>isa</key>
			<string>PBXFileReference</string>
			<key>lastKnownFileType</key>
			<string>image.png</string>
			<key>path</key>
			<string>warpCircle.png</string>
			<key>sourceTree</key>
			<string>&lt;group&gt;</string>
		</dict>
		<key>330A98FE190FB75200DAA53C</key>
		<dict>
			<key>fileRef</key>
			<string>330A98F3190FB75200DAA53C</string>
			<key>isa</key>
			<string>PBXBuildFile</string>
		</dict>
		<key>330A98FF190FB75200DAA53C</key>
		<dict>
			<key>fileRef</key>
			<string>330A98F4190FB75200DAA53C</string>
			<key>isa</key>
			<string>PBXBuildFile</string>
		</dict>
		<key>330A9900190FB75200DAA53C</key>
		<dict>
			<key>fileRef</key>
			<string>330A98F5190FB75200DAA53C</string>
			<key>isa</key>
			<string>PBXBuildFile</string>
		</dict>
		<key>330A9901190FB75200DAA53C</key>
		<dict>
			<key>fileRef</key>
			<string>330A98F6190FB75200DAA53C</string>
			<key>isa</key>
			<string>PBXBuildFile</string>
		</dict>
		<key>330A9902190FB75200DAA53C</key>
		<dict>
			<key>fileRef</key>
			<string>330A98F7190FB75200DAA53C</string>
			<key>isa</key>
			<string>PBXBuildFile</string>
		</dict>
		<key>330A9903190FB75200DAA53C</key>
		<dict>
			<key>fileRef</key>
			<string>330A98F8190FB75200DAA53C</string>
			<key>isa</key>
			<string>PBXBuildFile</string>
		</dict>
		<key>330A9904190FB75200DAA53C</key>
		<dict>
			<key>fileRef</key>
			<string>330A98F9190FB75200DAA53C</string>
			<key>isa</key>
			<string>PBXBuildFile</string>
		</dict>
		<key>330A9905190FB75200DAA53C</key>
		<dict>
			<key>fileRef</key>
			<string>330A98FA190FB75200DAA53C</string>
			<key>isa</key>
			<string>PBXBuildFile</string>
		</dict>
		<key>330A9906190FB75200DAA53C</key>
		<dict>
			<key>fileRef</key>
			<string>330A98FB190FB75200DAA53C</string>
			<key>isa</key>
			<string>PBXBuildFile</string>
		</dict>
		<key>330A9907190FB75200DAA53C</key>
		<dict>
			<key>fileRef</key>
			<string>330A98FC190FB75200DAA53C</string>
			<key>isa</key>
			<string>PBXBuildFile</string>
		</dict>
		<key>330A9908190FB75200DAA53C</key>
		<dict>
			<key>fileRef</key>
			<string>330A98FD190FB75200DAA53C</string>
			<key>isa</key>
			<string>PBXBuildFile</string>
		</dict>
		<key>330A9909190FB76200DAA53C</key>
		<dict>
			<key>fileEncoding</key>
			<string>4</string>
			<key>isa</key>
			<string>PBXFileReference</string>
			<key>lastKnownFileType</key>
			<string>sourcecode.c.objc</string>
			<key>path</key>
			<string>main.m</string>
			<key>sourceTree</key>
			<string>&lt;group&gt;</string>
		</dict>
		<key>330A990A190FB76200DAA53C</key>
		<dict>
			<key>fileRef</key>
			<string>330A9909190FB76200DAA53C</string>
			<key>isa</key>
			<string>PBXBuildFile</string>
		</dict>
		<key>390B8031C0E049509E7A680C</key>
		<dict>
			<key>explicitFileType</key>
			<string>archive.ar</string>
			<key>includeInIndex</key>
			<string>0</string>
			<key>isa</key>
			<string>PBXFileReference</string>
			<key>path</key>
			<string>libPods.a</string>
			<key>sourceTree</key>
			<string>BUILT_PRODUCTS_DIR</string>
		</dict>
		<key>64C18B2D546F4567A7C39288</key>
		<dict>
			<key>fileRef</key>
			<string>390B8031C0E049509E7A680C</string>
			<key>isa</key>
			<string>PBXBuildFile</string>
		</dict>
		<key>B43B1F6781E94BA2946EDF8E</key>
		<dict>
			<key>buildActionMask</key>
			<string>2147483647</string>
			<key>files</key>
			<array/>
			<key>inputPaths</key>
			<array/>
			<key>isa</key>
			<string>PBXShellScriptBuildPhase</string>
			<key>name</key>
			<string>Check Pods Manifest.lock</string>
			<key>outputPaths</key>
			<array/>
			<key>runOnlyForDeploymentPostprocessing</key>
			<string>0</string>
			<key>shellPath</key>
			<string>/bin/sh</string>
			<key>shellScript</key>
			<string>diff "${PODS_ROOT}/../Podfile.lock" "${PODS_ROOT}/Manifest.lock" &gt; /dev/null
if [[ $? != 0 ]] ; then
    cat &lt;&lt; EOM
error: The sandbox is not in sync with the Podfile.lock. Run 'pod install' or update your CocoaPods installation.
EOM
    exit 1
fi
</string>
			<key>showEnvVarsInLog</key>
			<string>0</string>
		</dict>
		<key>C55055CFC74B4C23AF465131</key>
		<dict>
			<key>includeInIndex</key>
			<string>1</string>
			<key>isa</key>
			<string>PBXFileReference</string>
			<key>lastKnownFileType</key>
			<string>text.xcconfig</string>
			<key>name</key>
			<string>Pods.xcconfig</string>
			<key>path</key>
			<string>Pods/Pods.xcconfig</string>
			<key>sourceTree</key>
			<string>&lt;group&gt;</string>
		</dict>
		<key>D433AF2E9E9A435181BAFFF6</key>
		<dict>
			<key>buildActionMask</key>
			<string>2147483647</string>
			<key>files</key>
			<array/>
			<key>inputPaths</key>
			<array/>
			<key>isa</key>
			<string>PBXShellScriptBuildPhase</string>
			<key>name</key>
			<string>Copy Pods Resources</string>
			<key>outputPaths</key>
			<array/>
			<key>runOnlyForDeploymentPostprocessing</key>
			<string>0</string>
			<key>shellPath</key>
			<string>/bin/sh</string>
			<key>shellScript</key>
			<string>"${SRCROOT}/Pods/Pods-resources.sh"
</string>
			<key>showEnvVarsInLog</key>
			<string>0</string>
		</dict>
	</dict>
	<key>rootObject</key>
	<string>330A9865190FB68300DAA53C</string>
</dict>
</plist>
